# This file is automatically @generated by Cargo.
# It is not intended for manual editing.
version = 4

[[package]]
name = "flashtex-compiler"
version = "0.1.0"
dependencies = [
 "flashtex-font-engine",
 "flashtex-tex-boxes",
 "flashtex-tex-expansion",
 "flashtex-tex-text-encoding",
]

[[package]]
name = "flashtex-document-style"
version = "0.1.0"

[[package]]
name = "flashtex-font-engine"
version = "0.1.0"
dependencies = [
 "flashtex-math-layout",
 "flashtex-paragraph-layout",
 "flashtex-pdf",
]

[[package]]
name = "flashtex-math-layout"
version = "0.1.0"

[[package]]
name = "flashtex-microtype"
version = "0.1.0"

[[package]]
name = "flashtex-paragraph-layout"
version = "0.1.0"
dependencies = [
 "flashtex-document-style",
 "flashtex-microtype",
]

[[package]]
name = "flashtex-pdf"
version = "0.1.0"

[[package]]
name = "flashtex-tex-boxes"
version = "0.1.0"

[[package]]
name = "flashtex-tex-expansion"
version = "0.1.0"

[[package]]
name = "flashtex-tex-text-encoding"
version = "0.1.0"
