
Microsoft Visual Studio Solution File, Format Version 12.00
# Visual Studio Version 17
VisualStudioVersion = 17.0.31903.59
MinimumVisualStudioVersion = 10.0.40219.1
Project("{2150E333-8FDC-42A3-9474-1A3956D46DE8}") = "src", "src", "{827E0CD3-B72D-47B6-A68D-7590B98EB39B}"
EndProject
Project("{FAE04EC0-301F-11D3-BF4B-00C04F79EFBC}") = "FlashTeX.Protocol", "src\FlashTeX.Protocol\FlashTeX.Protocol.csproj", "{7F9F3C72-66DC-4697-B014-171E459B66B0}"
EndProject
Project("{FAE04EC0-301F-11D3-BF4B-00C04F79EFBC}") = "FlashTeX.Ipc", "src\FlashTeX.Ipc\FlashTeX.Ipc.csproj", "{91C97623-73EA-4410-84EB-905E01BD08FE}"
EndProject
Project("{FAE04EC0-301F-11D3-BF4B-00C04F79EFBC}") = "FlashTeX.Shell", "src\FlashTeX.Shell\FlashTeX.Shell.csproj", "{B38422D4-62B5-4293-BC82-9683B9E6F7DE}"
EndProject
Project("{FAE04EC0-301F-11D3-BF4B-00C04F79EFBC}") = "FlashTeX.Protocol.Tests", "tests\FlashTeX.Protocol.Tests\FlashTeX.Protocol.Tests.csproj", "{9B0E39B2-CF01-4A9B-9B75-F94FD65F7F0F}"
EndProject
Project("{FAE04EC0-301F-11D3-BF4B-00C04F79EFBC}") = "FlashTeX.Ipc.Tests", "tests\FlashTeX.Ipc.Tests\FlashTeX.Ipc.Tests.csproj", "{DBE1BA66-4481-407A-9CDC-75970655F2FE}"
EndProject
Project("{FAE04EC0-301F-11D3-BF4B-00C04F79EFBC}") = "FlashTeX.Shell.Tests", "tests\FlashTeX.Shell.Tests\FlashTeX.Shell.Tests.csproj", "{81D66D9C-00AA-4F53-8669-64C9007DA796}"
EndProject
Project("{FAE04EC0-301F-11D3-BF4B-00C04F79EFBC}") = "FlashTeX.ProjectFiles", "src\FlashTeX.ProjectFiles\FlashTeX.ProjectFiles.csproj", "{809BA059-EEE6-4C34-BBFA-E2A1D43683EA}"
EndProject
Project("{FAE04EC0-301F-11D3-BF4B-00C04F79EFBC}") = "FlashTeX.ProjectFiles.Tests", "tests\FlashTeX.ProjectFiles.Tests\FlashTeX.ProjectFiles.Tests.csproj", "{1D948466-C1D2-466F-B328-4D9D4B11ADC0}"
EndProject
Project("{FAE04EC0-301F-11D3-BF4B-00C04F79EFBC}") = "FlashTeX.Editor", "src\FlashTeX.Editor\FlashTeX.Editor.csproj", "{470AA042-A073-41F1-B3C0-4BEEA422A74B}"
EndProject
Project("{FAE04EC0-301F-11D3-BF4B-00C04F79EFBC}") = "FlashTeX.Editor.Tests", "tests\FlashTeX.Editor.Tests\FlashTeX.Editor.Tests.csproj", "{1D3521E4-34EA-4A18-9742-C43FB92CC4AA}"
EndProject
Project("{FAE04EC0-301F-11D3-BF4B-00C04F79EFBC}") = "FlashTeX.Preview", "src\FlashTeX.Preview\FlashTeX.Preview.csproj", "{A1202F31-70AD-48E8-8700-C23DDB78902D}"
EndProject
Project("{FAE04EC0-301F-11D3-BF4B-00C04F79EFBC}") = "FlashTeX.Preview.Tests", "tests\FlashTeX.Preview.Tests\FlashTeX.Preview.Tests.csproj", "{9A0F52C8-5579-470D-9D33-143FA8B5411F}"
EndProject
Project("{FAE04EC0-301F-11D3-BF4B-00C04F79EFBC}") = "FlashTeX.App", "src\FlashTeX.App\FlashTeX.App.csproj", "{57087259-4243-45C5-9F43-135AEE77D2C4}"
EndProject
Global
	GlobalSection(SolutionConfigurationPlatforms) = preSolution
		Debug|Any CPU = Debug|Any CPU
		Debug|x64 = Debug|x64
		Debug|x86 = Debug|x86
		Release|Any CPU = Release|Any CPU
		Release|x64 = Release|x64
		Release|x86 = Release|x86
	EndGlobalSection
	GlobalSection(ProjectConfigurationPlatforms) = postSolution
		{7F9F3C72-66DC-4697-B014-171E459B66B0}.Debug|Any CPU.ActiveCfg = Debug|Any CPU
		{7F9F3C72-66DC-4697-B014-171E459B66B0}.Debug|Any CPU.Build.0 = Debug|Any CPU
		{7F9F3C72-66DC-4697-B014-171E459B66B0}.Debug|x64.ActiveCfg = Debug|Any CPU
		{7F9F3C72-66DC-4697-B014-171E459B66B0}.Debug|x64.Build.0 = Debug|Any CPU
		{7F9F3C72-66DC-4697-B014-171E459B66B0}.Debug|x86.ActiveCfg = Debug|Any CPU
		{7F9F3C72-66DC-4697-B014-171E459B66B0}.Debug|x86.Build.0 = Debug|Any CPU
		{7F9F3C72-66DC-4697-B014-171E459B66B0}.Release|Any CPU.ActiveCfg = Release|Any CPU
		{7F9F3C72-66DC-4697-B014-171E459B66B0}.Release|Any CPU.Build.0 = Release|Any CPU
		{7F9F3C72-66DC-4697-B014-171E459B66B0}.Release|x64.ActiveCfg = Release|Any CPU
		{7F9F3C72-66DC-4697-B014-171E459B66B0}.Release|x64.Build.0 = Release|Any CPU
		{7F9F3C72-66DC-4697-B014-171E459B66B0}.Release|x86.ActiveCfg = Release|Any CPU
		{7F9F3C72-66DC-4697-B014-171E459B66B0}.Release|x86.Build.0 = Release|Any CPU
		{91C97623-73EA-4410-84EB-905E01BD08FE}.Debug|Any CPU.ActiveCfg = Debug|Any CPU
		{91C97623-73EA-4410-84EB-905E01BD08FE}.Debug|Any CPU.Build.0 = Debug|Any CPU
		{91C97623-73EA-4410-84EB-905E01BD08FE}.Debug|x64.ActiveCfg = Debug|Any CPU
		{91C97623-73EA-4410-84EB-905E01BD08FE}.Debug|x64.Build.0 = Debug|Any CPU
		{91C97623-73EA-4410-84EB-905E01BD08FE}.Debug|x86.ActiveCfg = Debug|Any CPU
		{91C97623-73EA-4410-84EB-905E01BD08FE}.Debug|x86.Build.0 = Debug|Any CPU
		{91C97623-73EA-4410-84EB-905E01BD08FE}.Release|Any CPU.ActiveCfg = Release|Any CPU
		{91C97623-73EA-4410-84EB-905E01BD08FE}.Release|Any CPU.Build.0 = Release|Any CPU
		{91C97623-73EA-4410-84EB-905E01BD08FE}.Release|x64.ActiveCfg = Release|Any CPU
		{91C97623-73EA-4410-84EB-905E01BD08FE}.Release|x64.Build.0 = Release|Any CPU
		{91C97623-73EA-4410-84EB-905E01BD08FE}.Release|x86.ActiveCfg = Release|Any CPU
		{91C97623-73EA-4410-84EB-905E01BD08FE}.Release|x86.Build.0 = Release|Any CPU
		{B38422D4-62B5-4293-BC82-9683B9E6F7DE}.Debug|Any CPU.ActiveCfg = Debug|Any CPU
		{B38422D4-62B5-4293-BC82-9683B9E6F7DE}.Debug|Any CPU.Build.0 = Debug|Any CPU
		{B38422D4-62B5-4293-BC82-9683B9E6F7DE}.Debug|x64.ActiveCfg = Debug|Any CPU
		{B38422D4-62B5-4293-BC82-9683B9E6F7DE}.Debug|x64.Build.0 = Debug|Any CPU
		{B38422D4-62B5-4293-BC82-9683B9E6F7DE}.Debug|x86.ActiveCfg = Debug|Any CPU
		{B38422D4-62B5-4293-BC82-9683B9E6F7DE}.Debug|x86.Build.0 = Debug|Any CPU
		{B38422D4-62B5-4293-BC82-9683B9E6F7DE}.Release|Any CPU.ActiveCfg = Release|Any CPU
		{B38422D4-62B5-4293-BC82-9683B9E6F7DE}.Release|Any CPU.Build.0 = Release|Any CPU
		{B38422D4-62B5-4293-BC82-9683B9E6F7DE}.Release|x64.ActiveCfg = Release|Any CPU
		{B38422D4-62B5-4293-BC82-9683B9E6F7DE}.Release|x64.Build.0 = Release|Any CPU
		{B38422D4-62B5-4293-BC82-9683B9E6F7DE}.Release|x86.ActiveCfg = Release|Any CPU
		{B38422D4-62B5-4293-BC82-9683B9E6F7DE}.Release|x86.Build.0 = Release|Any CPU
		{9B0E39B2-CF01-4A9B-9B75-F94FD65F7F0F}.Debug|Any CPU.ActiveCfg = Debug|Any CPU
		{9B0E39B2-CF01-4A9B-9B75-F94FD65F7F0F}.Debug|Any CPU.Build.0 = Debug|Any CPU
		{9B0E39B2-CF01-4A9B-9B75-F94FD65F7F0F}.Debug|x64.ActiveCfg = Debug|Any CPU
		{9B0E39B2-CF01-4A9B-9B75-F94FD65F7F0F}.Debug|x64.Build.0 = Debug|Any CPU
		{9B0E39B2-CF01-4A9B-9B75-F94FD65F7F0F}.Debug|x86.ActiveCfg = Debug|Any CPU
		{9B0E39B2-CF01-4A9B-9B75-F94FD65F7F0F}.Debug|x86.Build.0 = Debug|Any CPU
		{9B0E39B2-CF01-4A9B-9B75-F94FD65F7F0F}.Release|Any CPU.ActiveCfg = Release|Any CPU
		{9B0E39B2-CF01-4A9B-9B75-F94FD65F7F0F}.Release|Any CPU.Build.0 = Release|Any CPU
		{9B0E39B2-CF01-4A9B-9B75-F94FD65F7F0F}.Release|x64.ActiveCfg = Release|Any CPU
		{9B0E39B2-CF01-4A9B-9B75-F94FD65F7F0F}.Release|x64.Build.0 = Release|Any CPU
		{9B0E39B2-CF01-4A9B-9B75-F94FD65F7F0F}.Release|x86.ActiveCfg = Release|Any CPU
		{9B0E39B2-CF01-4A9B-9B75-F94FD65F7F0F}.Release|x86.Build.0 = Release|Any CPU
		{DBE1BA66-4481-407A-9CDC-75970655F2FE}.Debug|Any CPU.ActiveCfg = Debug|Any CPU
		{DBE1BA66-4481-407A-9CDC-75970655F2FE}.Debug|Any CPU.Build.0 = Debug|Any CPU
		{DBE1BA66-4481-407A-9CDC-75970655F2FE}.Debug|x64.ActiveCfg = Debug|Any CPU
		{DBE1BA66-4481-407A-9CDC-75970655F2FE}.Debug|x64.Build.0 = Debug|Any CPU
		{DBE1BA66-4481-407A-9CDC-75970655F2FE}.Debug|x86.ActiveCfg = Debug|Any CPU
		{DBE1BA66-4481-407A-9CDC-75970655F2FE}.Debug|x86.Build.0 = Debug|Any CPU
		{DBE1BA66-4481-407A-9CDC-75970655F2FE}.Release|Any CPU.ActiveCfg = Release|Any CPU
		{DBE1BA66-4481-407A-9CDC-75970655F2FE}.Release|Any CPU.Build.0 = Release|Any CPU
		{DBE1BA66-4481-407A-9CDC-75970655F2FE}.Release|x64.ActiveCfg = Release|Any CPU
		{DBE1BA66-4481-407A-9CDC-75970655F2FE}.Release|x64.Build.0 = Release|Any CPU
		{DBE1BA66-4481-407A-9CDC-75970655F2FE}.Release|x86.ActiveCfg = Release|Any CPU
		{DBE1BA66-4481-407A-9CDC-75970655F2FE}.Release|x86.Build.0 = Release|Any CPU
		{81D66D9C-00AA-4F53-8669-64C9007DA796}.Debug|Any CPU.ActiveCfg = Debug|Any CPU
		{81D66D9C-00AA-4F53-8669-64C9007DA796}.Debug|Any CPU.Build.0 = Debug|Any CPU
		{81D66D9C-00AA-4F53-8669-64C9007DA796}.Debug|x64.ActiveCfg = Debug|Any CPU
		{81D66D9C-00AA-4F53-8669-64C9007DA796}.Debug|x64.Build.0 = Debug|Any CPU
		{81D66D9C-00AA-4F53-8669-64C9007DA796}.Debug|x86.ActiveCfg = Debug|Any CPU
		{81D66D9C-00AA-4F53-8669-64C9007DA796}.Debug|x86.Build.0 = Debug|Any CPU
		{81D66D9C-00AA-4F53-8669-64C9007DA796}.Release|Any CPU.ActiveCfg = Release|Any CPU
		{81D66D9C-00AA-4F53-8669-64C9007DA796}.Release|Any CPU.Build.0 = Release|Any CPU
		{81D66D9C-00AA-4F53-8669-64C9007DA796}.Release|x64.ActiveCfg = Release|Any CPU
		{81D66D9C-00AA-4F53-8669-64C9007DA796}.Release|x64.Build.0 = Release|Any CPU
		{81D66D9C-00AA-4F53-8669-64C9007DA796}.Release|x86.ActiveCfg = Release|Any CPU
		{81D66D9C-00AA-4F53-8669-64C9007DA796}.Release|x86.Build.0 = Release|Any CPU
		{809BA059-EEE6-4C34-BBFA-E2A1D43683EA}.Debug|Any CPU.ActiveCfg = Debug|Any CPU
		{809BA059-EEE6-4C34-BBFA-E2A1D43683EA}.Debug|Any CPU.Build.0 = Debug|Any CPU
		{809BA059-EEE6-4C34-BBFA-E2A1D43683EA}.Debug|x64.ActiveCfg = Debug|Any CPU
		{809BA059-EEE6-4C34-BBFA-E2A1D43683EA}.Debug|x64.Build.0 = Debug|Any CPU
		{809BA059-EEE6-4C34-BBFA-E2A1D43683EA}.Debug|x86.ActiveCfg = Debug|Any CPU
		{809BA059-EEE6-4C34-BBFA-E2A1D43683EA}.Debug|x86.Build.0 = Debug|Any CPU
		{809BA059-EEE6-4C34-BBFA-E2A1D43683EA}.Release|Any CPU.ActiveCfg = Release|Any CPU
		{809BA059-EEE6-4C34-BBFA-E2A1D43683EA}.Release|Any CPU.Build.0 = Release|Any CPU
		{809BA059-EEE6-4C34-BBFA-E2A1D43683EA}.Release|x64.ActiveCfg = Release|Any CPU
		{809BA059-EEE6-4C34-BBFA-E2A1D43683EA}.Release|x64.Build.0 = Release|Any CPU
		{809BA059-EEE6-4C34-BBFA-E2A1D43683EA}.Release|x86.ActiveCfg = Release|Any CPU
		{809BA059-EEE6-4C34-BBFA-E2A1D43683EA}.Release|x86.Build.0 = Release|Any CPU
		{1D948466-C1D2-466F-B328-4D9D4B11ADC0}.Debug|Any CPU.ActiveCfg = Debug|Any CPU
		{1D948466-C1D2-466F-B328-4D9D4B11ADC0}.Debug|Any CPU.Build.0 = Debug|Any CPU
		{1D948466-C1D2-466F-B328-4D9D4B11ADC0}.Debug|x64.ActiveCfg = Debug|Any CPU
		{1D948466-C1D2-466F-B328-4D9D4B11ADC0}.Debug|x64.Build.0 = Debug|Any CPU
		{1D948466-C1D2-466F-B328-4D9D4B11ADC0}.Debug|x86.ActiveCfg = Debug|Any CPU
		{1D948466-C1D2-466F-B328-4D9D4B11ADC0}.Debug|x86.Build.0 = Debug|Any CPU
		{1D948466-C1D2-466F-B328-4D9D4B11ADC0}.Release|Any CPU.ActiveCfg = Release|Any CPU
		{1D948466-C1D2-466F-B328-4D9D4B11ADC0}.Release|Any CPU.Build.0 = Release|Any CPU
		{1D948466-C1D2-466F-B328-4D9D4B11ADC0}.Release|x64.ActiveCfg = Release|Any CPU
		{1D948466-C1D2-466F-B328-4D9D4B11ADC0}.Release|x64.Build.0 = Release|Any CPU
		{1D948466-C1D2-466F-B328-4D9D4B11ADC0}.Release|x86.ActiveCfg = Release|Any CPU
		{1D948466-C1D2-466F-B328-4D9D4B11ADC0}.Release|x86.Build.0 = Release|Any CPU
		{470AA042-A073-41F1-B3C0-4BEEA422A74B}.Debug|Any CPU.ActiveCfg = Debug|Any CPU
		{470AA042-A073-41F1-B3C0-4BEEA422A74B}.Debug|Any CPU.Build.0 = Debug|Any CPU
		{470AA042-A073-41F1-B3C0-4BEEA422A74B}.Debug|x64.ActiveCfg = Debug|Any CPU
		{470AA042-A073-41F1-B3C0-4BEEA422A74B}.Debug|x64.Build.0 = Debug|Any CPU
		{470AA042-A073-41F1-B3C0-4BEEA422A74B}.Debug|x86.ActiveCfg = Debug|Any CPU
		{470AA042-A073-41F1-B3C0-4BEEA422A74B}.Debug|x86.Build.0 = Debug|Any CPU
		{470AA042-A073-41F1-B3C0-4BEEA422A74B}.Release|Any CPU.ActiveCfg = Release|Any CPU
		{470AA042-A073-41F1-B3C0-4BEEA422A74B}.Release|Any CPU.Build.0 = Release|Any CPU
		{470AA042-A073-41F1-B3C0-4BEEA422A74B}.Release|x64.ActiveCfg = Release|Any CPU
		{470AA042-A073-41F1-B3C0-4BEEA422A74B}.Release|x64.Build.0 = Release|Any CPU
		{470AA042-A073-41F1-B3C0-4BEEA422A74B}.Release|x86.ActiveCfg = Release|Any CPU
		{470AA042-A073-41F1-B3C0-4BEEA422A74B}.Release|x86.Build.0 = Release|Any CPU
		{1D3521E4-34EA-4A18-9742-C43FB92CC4AA}.Debug|Any CPU.ActiveCfg = Debug|Any CPU
		{1D3521E4-34EA-4A18-9742-C43FB92CC4AA}.Debug|Any CPU.Build.0 = Debug|Any CPU
		{1D3521E4-34EA-4A18-9742-C43FB92CC4AA}.Debug|x64.ActiveCfg = Debug|Any CPU
		{1D3521E4-34EA-4A18-9742-C43FB92CC4AA}.Debug|x64.Build.0 = Debug|Any CPU
		{1D3521E4-34EA-4A18-9742-C43FB92CC4AA}.Debug|x86.ActiveCfg = Debug|Any CPU
		{1D3521E4-34EA-4A18-9742-C43FB92CC4AA}.Debug|x86.Build.0 = Debug|Any CPU
		{1D3521E4-34EA-4A18-9742-C43FB92CC4AA}.Release|Any CPU.ActiveCfg = Release|Any CPU
		{1D3521E4-34EA-4A18-9742-C43FB92CC4AA}.Release|Any CPU.Build.0 = Release|Any CPU
		{1D3521E4-34EA-4A18-9742-C43FB92CC4AA}.Release|x64.ActiveCfg = Release|Any CPU
		{1D3521E4-34EA-4A18-9742-C43FB92CC4AA}.Release|x64.Build.0 = Release|Any CPU
		{1D3521E4-34EA-4A18-9742-C43FB92CC4AA}.Release|x86.ActiveCfg = Release|Any CPU
		{1D3521E4-34EA-4A18-9742-C43FB92CC4AA}.Release|x86.Build.0 = Release|Any CPU
		{A1202F31-70AD-48E8-8700-C23DDB78902D}.Debug|Any CPU.ActiveCfg = Debug|Any CPU
		{A1202F31-70AD-48E8-8700-C23DDB78902D}.Debug|Any CPU.Build.0 = Debug|Any CPU
		{A1202F31-70AD-48E8-8700-C23DDB78902D}.Debug|x64.ActiveCfg = Debug|Any CPU
		{A1202F31-70AD-48E8-8700-C23DDB78902D}.Debug|x64.Build.0 = Debug|Any CPU
		{A1202F31-70AD-48E8-8700-C23DDB78902D}.Debug|x86.ActiveCfg = Debug|Any CPU
		{A1202F31-70AD-48E8-8700-C23DDB78902D}.Debug|x86.Build.0 = Debug|Any CPU
		{A1202F31-70AD-48E8-8700-C23DDB78902D}.Release|Any CPU.ActiveCfg = Release|Any CPU
		{A1202F31-70AD-48E8-8700-C23DDB78902D}.Release|Any CPU.Build.0 = Release|Any CPU
		{A1202F31-70AD-48E8-8700-C23DDB78902D}.Release|x64.ActiveCfg = Release|Any CPU
		{A1202F31-70AD-48E8-8700-C23DDB78902D}.Release|x64.Build.0 = Release|Any CPU
		{A1202F31-70AD-48E8-8700-C23DDB78902D}.Release|x86.ActiveCfg = Release|Any CPU
		{A1202F31-70AD-48E8-8700-C23DDB78902D}.Release|x86.Build.0 = Release|Any CPU
		{9A0F52C8-5579-470D-9D33-143FA8B5411F}.Debug|Any CPU.ActiveCfg = Debug|Any CPU
		{9A0F52C8-5579-470D-9D33-143FA8B5411F}.Debug|Any CPU.Build.0 = Debug|Any CPU
		{9A0F52C8-5579-470D-9D33-143FA8B5411F}.Debug|x64.ActiveCfg = Debug|Any CPU
		{9A0F52C8-5579-470D-9D33-143FA8B5411F}.Debug|x64.Build.0 = Debug|Any CPU
		{9A0F52C8-5579-470D-9D33-143FA8B5411F}.Debug|x86.ActiveCfg = Debug|Any CPU
		{9A0F52C8-5579-470D-9D33-143FA8B5411F}.Debug|x86.Build.0 = Debug|Any CPU
		{9A0F52C8-5579-470D-9D33-143FA8B5411F}.Release|Any CPU.ActiveCfg = Release|Any CPU
		{9A0F52C8-5579-470D-9D33-143FA8B5411F}.Release|Any CPU.Build.0 = Release|Any CPU
		{9A0F52C8-5579-470D-9D33-143FA8B5411F}.Release|x64.ActiveCfg = Release|Any CPU
		{9A0F52C8-5579-470D-9D33-143FA8B5411F}.Release|x64.Build.0 = Release|Any CPU
		{9A0F52C8-5579-470D-9D33-143FA8B5411F}.Release|x86.ActiveCfg = Release|Any CPU
		{9A0F52C8-5579-470D-9D33-143FA8B5411F}.Release|x86.Build.0 = Release|Any CPU
		{57087259-4243-45C5-9F43-135AEE77D2C4}.Debug|Any CPU.ActiveCfg = Debug|x64
		{57087259-4243-45C5-9F43-135AEE77D2C4}.Debug|Any CPU.Build.0 = Debug|x64
		{57087259-4243-45C5-9F43-135AEE77D2C4}.Debug|x64.ActiveCfg = Debug|x64
		{57087259-4243-45C5-9F43-135AEE77D2C4}.Debug|x64.Build.0 = Debug|x64
		{57087259-4243-45C5-9F43-135AEE77D2C4}.Debug|x86.ActiveCfg = Debug|x64
		{57087259-4243-45C5-9F43-135AEE77D2C4}.Debug|x86.Build.0 = Debug|x64
		{57087259-4243-45C5-9F43-135AEE77D2C4}.Release|Any CPU.ActiveCfg = Release|x64
		{57087259-4243-45C5-9F43-135AEE77D2C4}.Release|Any CPU.Build.0 = Release|x64
		{57087259-4243-45C5-9F43-135AEE77D2C4}.Release|x64.ActiveCfg = Release|x64
		{57087259-4243-45C5-9F43-135AEE77D2C4}.Release|x64.Build.0 = Release|x64
		{57087259-4243-45C5-9F43-135AEE77D2C4}.Release|x86.ActiveCfg = Release|x64
		{57087259-4243-45C5-9F43-135AEE77D2C4}.Release|x86.Build.0 = Release|x64
	EndGlobalSection
	GlobalSection(SolutionProperties) = preSolution
		HideSolutionNode = FALSE
	EndGlobalSection
	GlobalSection(NestedProjects) = preSolution
		{7F9F3C72-66DC-4697-B014-171E459B66B0} = {827E0CD3-B72D-47B6-A68D-7590B98EB39B}
		{91C97623-73EA-4410-84EB-905E01BD08FE} = {827E0CD3-B72D-47B6-A68D-7590B98EB39B}
		{B38422D4-62B5-4293-BC82-9683B9E6F7DE} = {827E0CD3-B72D-47B6-A68D-7590B98EB39B}
		{9B0E39B2-CF01-4A9B-9B75-F94FD65F7F0F} = {827E0CD3-B72D-47B6-A68D-7590B98EB39B}
		{DBE1BA66-4481-407A-9CDC-75970655F2FE} = {827E0CD3-B72D-47B6-A68D-7590B98EB39B}
		{81D66D9C-00AA-4F53-8669-64C9007DA796} = {827E0CD3-B72D-47B6-A68D-7590B98EB39B}
		{809BA059-EEE6-4C34-BBFA-E2A1D43683EA} = {827E0CD3-B72D-47B6-A68D-7590B98EB39B}
		{1D948466-C1D2-466F-B328-4D9D4B11ADC0} = {827E0CD3-B72D-47B6-A68D-7590B98EB39B}
		{470AA042-A073-41F1-B3C0-4BEEA422A74B} = {827E0CD3-B72D-47B6-A68D-7590B98EB39B}
		{1D3521E4-34EA-4A18-9742-C43FB92CC4AA} = {827E0CD3-B72D-47B6-A68D-7590B98EB39B}
		{A1202F31-70AD-48E8-8700-C23DDB78902D} = {827E0CD3-B72D-47B6-A68D-7590B98EB39B}
		{9A0F52C8-5579-470D-9D33-143FA8B5411F} = {827E0CD3-B72D-47B6-A68D-7590B98EB39B}
		{57087259-4243-45C5-9F43-135AEE77D2C4} = {827E0CD3-B72D-47B6-A68D-7590B98EB39B}
	EndGlobalSection
EndGlobal
