<?xml version="1.0" encoding="UTF-8"?>
<Scheme LastUpgradeVersion = "1630" version = "1.7">
   <BuildAction parallelizeBuildables = "YES" buildImplicitDependencies = "YES">
      <BuildActionEntries>
         <BuildActionEntry buildForTesting = "YES" buildForRunning = "YES" buildForProfiling = "YES" buildForArchiving = "YES" buildForAnalyzing = "YES">
            <BuildableReference BuildableIdentifier = "primary" BlueprintIdentifier = "411DE64E7332A08E1DF7D714" BuildableName = "FlashTeXPad.app" BlueprintName = "FlashTeXPad" ReferencedContainer = "container:FlashTeXPad.xcodeproj"/>
         </BuildActionEntry>
      </BuildActionEntries>
   </BuildAction>
   <TestAction buildConfiguration = "Debug" selectedDebuggerIdentifier = "Xcode.DebuggerFoundation.Debugger.LLDB" selectedLauncherIdentifier = "Xcode.DebuggerFoundation.Launcher.LLDB" shouldUseLaunchSchemeArgsEnv = "YES">
      <Testables>
         <TestableReference skipped = "NO">
            <BuildableReference BuildableIdentifier = "primary" BlueprintIdentifier = "4A6F7A244E61DD017733261A" BuildableName = "FlashTeXPadTests.xctest" BlueprintName = "FlashTeXPadTests" ReferencedContainer = "container:FlashTeXPad.xcodeproj"/>
            <!-- Hosted in the app: without these the production PadModel can
                 auto-reconnect from a leftover Keychain pairing and race the
                 XCTest PadModel (observed EXC_BAD_ACCESS in pollOutcome on
                 Xcode 26.6 / iOS 26.5). UI tests pass their own args. -->
            <CommandLineArguments>
               <CommandLineArgument argument = "-flashtexpad-fresh" isEnabled = "YES"/>
               <CommandLineArgument argument = "-flashtexpad-no-autoreconnect" isEnabled = "YES"/>
            </CommandLineArguments>
         </TestableReference>
         <TestableReference skipped = "NO">
            <BuildableReference BuildableIdentifier = "primary" BlueprintIdentifier = "CFD327A2627D7A6047AF8BB6" BuildableName = "FlashTeXPadUITests.xctest" BlueprintName = "FlashTeXPadUITests" ReferencedContainer = "container:FlashTeXPad.xcodeproj"/>
         </TestableReference>
      </Testables>
   </TestAction>
   <LaunchAction buildConfiguration = "Debug" selectedDebuggerIdentifier = "Xcode.DebuggerFoundation.Debugger.LLDB" selectedLauncherIdentifier = "Xcode.DebuggerFoundation.Launcher.LLDB" launchStyle = "0" useCustomWorkingDirectory = "NO" ignoresPersistentStateOnLaunch = "NO" debugDocumentVersioning = "YES" debugServiceExtension = "internal" allowLocationSimulation = "YES">
      <BuildableProductRunnable runnableDebuggingMode = "0">
         <BuildableReference BuildableIdentifier = "primary" BlueprintIdentifier = "411DE64E7332A08E1DF7D714" BuildableName = "FlashTeXPad.app" BlueprintName = "FlashTeXPad" ReferencedContainer = "container:FlashTeXPad.xcodeproj"/>
      </BuildableProductRunnable>
   </LaunchAction>
   <ProfileAction buildConfiguration = "Release" shouldUseLaunchSchemeArgsEnv = "YES" savedToolIdentifier = "" useCustomWorkingDirectory = "NO" debugDocumentVersioning = "YES">
      <BuildableProductRunnable runnableDebuggingMode = "0">
         <BuildableReference BuildableIdentifier = "primary" BlueprintIdentifier = "411DE64E7332A08E1DF7D714" BuildableName = "FlashTeXPad.app" BlueprintName = "FlashTeXPad" ReferencedContainer = "container:FlashTeXPad.xcodeproj"/>
      </BuildableProductRunnable>
   </ProfileAction>
   <AnalyzeAction buildConfiguration = "Debug"/>
   <ArchiveAction buildConfiguration = "Release" revealArchiveInOrganizer = "YES"/>
</Scheme>
