# FlashTeX's no-TeX-Live bundle: whole, unmodified TeX Live 2026 packages under their
# own licences (docs/distribution/texlive-bundle.md). Shipped in the app as
# Contents/Resources/engine/flashtex-bundle.lock (apps/mac/scripts/make-app.sh);
# nothing is fetched before the user agrees. bundle-publish.yml publishes exactly
# this digest at this URL, and refuses any other.
url = "https://github.com/flash-tex/flashtex/releases/download/texbundle-tl2026-2/texlive2026.ttb"
digest = "36b3c361bc12fc930e261f6ef5d4b21cd4b15157b6158cf2aaf3fdbd4667b430"
