# Fixture lockfile for check D. D1 reads it as committed; D3's cargo
# metadata finds it out of date and resolves afresh.
version = 4

[[package]]
name = "fixture-typst-host"
version = "0.0.0"

[[package]] # FIXTURE-VIOLATION
name = "gpl-tool" # FIXTURE-VIOLATION
version = "0.0.0" # FIXTURE-VIOLATION
