# This file is automatically @generated by Cargo.
# It is not intended for manual editing.
# Fixture lockfile for check D, generated offline from the fixture root
# (cargo generate-lockfile --offline --manifest-path typst-host/Cargo.toml),
# current for the violating manifest; the self-test regenerates it for the
# clean one.
version = 4

[[package]]
name = "fixture-typst-host"
version = "0.0.0"
dependencies = [
 "gpl-tool",
 "lzo-sys",
]

[[package]]
name = "gpl-tool"
version = "0.0.0"
dependencies = [
 "poppler-rs",
]

[[package]]
name = "lzo-sys"
version = "1.1.0"
source = "registry+https://github.com/rust-lang/crates.io-index"
checksum = "0000000000000000000000000000000000000000000000000000000000000000"

[[package]]
name = "poppler-rs"
version = "0.0.0"
